
Microsoft Visual Studio Solution File, Format Version 12.00
# Visual Studio Version 17
VisualStudioVersion = 17.7.34031.279
MinimumVisualStudioVersion = 10.0.40219.1
Project("{FAE04EC0-301F-11D3-BF4B-00C04F79EFBC}") = "CcibLogsAppInsights", "CcibLogsAppInsights\CcibLogsAppInsights.csproj", "{579C54D2-094A-4161-BC7D-8881BEA99052}"
EndProject
Global
	GlobalSection(SolutionConfigurationPlatforms) = preSolution
		Debug|Any CPU = Debug|Any CPU
		Release|Any CPU = Release|Any CPU
	EndGlobalSection
	GlobalSection(ProjectConfigurationPlatforms) = postSolution
		{579C54D2-094A-4161-BC7D-8881BEA99052}.Debug|Any CPU.ActiveCfg = Debug|Any CPU
		{579C54D2-094A-4161-BC7D-8881BEA99052}.Debug|Any CPU.Build.0 = Debug|Any CPU
		{579C54D2-094A-4161-BC7D-8881BEA99052}.Release|Any CPU.ActiveCfg = Release|Any CPU
		{579C54D2-094A-4161-BC7D-8881BEA99052}.Release|Any CPU.Build.0 = Release|Any CPU
	EndGlobalSection
	GlobalSection(SolutionProperties) = preSolution
		HideSolutionNode = FALSE
	EndGlobalSection
	GlobalSection(ExtensibilityGlobals) = postSolution
		SolutionGuid = {1BB878C8-895E-48C4-89CB-A85C540AEB6E}
	EndGlobalSection
EndGlobal
